schema: '2.0'
stages:
  train:
    cmd: python src/train.py --config params.yaml
    deps:
    - path: data
      md5: 65110eb7cc4e54ff4754f53b5a8e3e66.dir
      size: 467636694
      nfiles: 16336
    - path: src/train.py
      md5: 14ba06532a7070ffa77f5a3111afd43a
      size: 1258
    params:
      params.yaml:
        batch_size: 16
        n_epochs: 8
    outs:
    - path: dvclive.json
      md5: e437ef6e25e5c4d521e0c81dfcc7c831
      size: 187
    - path: dvclive/scalars/accuracy.tsv
      md5: 0b9ddcf0059bcc5701d1af049a30100b
      size: 169
    - path: dvclive/scalars/eval/loss.tsv
      md5: 7aa614d944753acfb200be2bf3b65e4d
      size: 176
    - path: dvclive/scalars/train/loss.tsv
      md5: beedac1387212e75400880e32c0d9924
      size: 175
    - path: model
      md5: 84efd91b9226f3d8de1ed2167adcedca.dir
      size: 103001695
      nfiles: 1
  inference:
    cmd: python src/inference.py
    deps:
    - path: data
      md5: 65110eb7cc4e54ff4754f53b5a8e3e66.dir
      size: 467636694
      nfiles: 16336
    - path: model
      md5: 84efd91b9226f3d8de1ed2167adcedca.dir
      size: 103001695
      nfiles: 1
    - path: src/inference.py
      md5: 829a5625f935a423f8463f95f7b28cba
      size: 1420
    outs:
    - path: predictions
      md5: ba8e68c7cef468d0cb8a916839611a2b.dir
      size: 87164
      nfiles: 398
  misclassification:
    cmd:
    - ldb index predictions/ --annotation-update merge
    - rm -f mislabeled/*
    - ldb instantiate ds:root --query 'inference.confidence > `0.9` && label != inference.label'
      --target ./mislabeled
    deps:
    - path: predictions
      md5: ba8e68c7cef468d0cb8a916839611a2b.dir
      size: 87164
      nfiles: 398
  submission:
    cmd:
    - aws s3 rm s3://ldb-hackathon-team-1/submission-alex --recursive
    - ldb instantiate ds:root --tag train --format annot -p single-file=true -t s3://ldb-hackathon-team-1/submission-alex/train/
    - ldb instantiate ds:root --tag val --format annot -p single-file=true -t s3://ldb-hackathon-team-1/submission-alex/val/
    - ldb instantiate ds:root --tag labelbook --format annot -p single-file=true -t
      s3://ldb-hackathon-team-1/submission-alex/labelbook/
    deps:
    - path: predictions
      md5: ba8e68c7cef468d0cb8a916839611a2b.dir
      size: 87164
      nfiles: 398
